// !$*UTF8*$!
{
	archiveVersion = 1;
	classes = {
	};
	objectVersion = 46;
	objects = {

/* Begin PBXBuildFile section */
		498B4B8699AC4CB19ED8B54C /* libPods.a in Frameworks */ = {isa = PBXBuildFile; fileRef = EA69295159CB4779A830A763 /* libPods.a */; };
		F46F49B316870EF7009BD174 /* UIKit.framework in Frameworks */ = {isa = PBXBuildFile; fileRef = F46F49B216870EF7009BD174 /* UIKit.framework */; };
		F46F49B516870EF7009BD174 /* Foundation.framework in Frameworks */ = {isa = PBXBuildFile; fileRef = F46F49B416870EF7009BD174 /* Foundation.framework */; };
		F46F49B716870EF7009BD174 /* CoreGraphics.framework in Frameworks */ = {isa = PBXBuildFile; fileRef = F46F49B616870EF7009BD174 /* CoreGraphics.framework */; };
		F46F49BD16870EF7009BD174 /* InfoPlist.strings in Resources */ = {isa = PBXBuildFile; fileRef = F46F49BB16870EF7009BD174 /* InfoPlist.strings */; };
		F46F49BF16870EF7009BD174 /* main.m in Sources */ = {isa = PBXBuildFile; fileRef = F46F49BE16870EF7009BD174 /* main.m */; };
		F46F49C316870EF7009BD174 /* AppDelegate.m in Sources */ = {isa = PBXBuildFile; fileRef = F46F49C216870EF7009BD174 /* AppDelegate.m */; };
		F46F49C516870EF7009BD174 /* Default.png in Resources */ = {isa = PBXBuildFile; fileRef = F46F49C416870EF7009BD174 /* Default.png */; };
		F46F49C716870EF7009BD174 /* Default@2x.png in Resources */ = {isa = PBXBuildFile; fileRef = F46F49C616870EF7009BD174 /* Default@2x.png */; };
		F46F49C916870EF7009BD174 /* Default-568h@2x.png in Resources */ = {isa = PBXBuildFile; fileRef = F46F49C816870EF7009BD174 /* Default-568h@2x.png */; };
		F46F49CC16870EF7009BD174 /* MainStoryboard.storyboard in Resources */ = {isa = PBXBuildFile; fileRef = F46F49CA16870EF7009BD174 /* MainStoryboard.storyboard */; };
		F46F49CF16870EF7009BD174 /* ViewController.m in Sources */ = {isa = PBXBuildFile; fileRef = F46F49CE16870EF7009BD174 /* ViewController.m */; };
/* End PBXBuildFile section */

/* Begin PBXFileReference section */
		E8701BEF0C384AB1B967ADEE /* Pods.xcconfig */ = {isa = PBXFileReference; includeInIndex = 1; lastKnownFileType = text.xcconfig; name = Pods.xcconfig; path = Pods/Pods.xcconfig; sourceTree = SOURCE_ROOT; };
		EA69295159CB4779A830A763 /* libPods.a */ = {isa = PBXFileReference; explicitFileType = archive.ar; includeInIndex = 0; path = libPods.a; sourceTree = BUILT_PRODUCTS_DIR; };
		F46F49AE16870EF7009BD174 /* SRMonthPickerExample.app */ = {isa = PBXFileReference; explicitFileType = wrapper.application; includeInIndex = 0; path = SRMonthPickerExample.app; sourceTree = BUILT_PRODUCTS_DIR; };
		F46F49B216870EF7009BD174 /* UIKit.framework */ = {isa = PBXFileReference; lastKnownFileType = wrapper.framework; name = UIKit.framework; path = System/Library/Frameworks/UIKit.framework; sourceTree = SDKROOT; };
		F46F49B416870EF7009BD174 /* Foundation.framework */ = {isa = PBXFileReference; lastKnownFileType = wrapper.framework; name = Foundation.framework; path = System/Library/Frameworks/Foundation.framework; sourceTree = SDKROOT; };
		F46F49B616870EF7009BD174 /* CoreGraphics.framework */ = {isa = PBXFileReference; lastKnownFileType = wrapper.framework; name = CoreGraphics.framework; path = System/Library/Frameworks/CoreGraphics.framework; sourceTree = SDKROOT; };
		F46F49BA16870EF7009BD174 /* SRMonthPickerExample-Info.plist */ = {isa = PBXFileReference; lastKnownFileType = text.plist.xml; path = "SRMonthPickerExample-Info.plist"; sourceTree = "<group>"; };
		F46F49BC16870EF7009BD174 /* en */ = {isa = PBXFileReference; lastKnownFileType = text.plist.strings; name = en; path = en.lproj/InfoPlist.strings; sourceTree = "<group>"; };
		F46F49BE16870EF7009BD174 /* main.m */ = {isa = PBXFileReference; lastKnownFileType = sourcecode.c.objc; path = main.m; sourceTree = "<group>"; };
		F46F49C016870EF7009BD174 /* SRMonthPickerExample-Prefix.pch */ = {isa = PBXFileReference; lastKnownFileType = sourcecode.c.h; path = "SRMonthPickerExample-Prefix.pch"; sourceTree = "<group>"; };
		F46F49C116870EF7009BD174 /* AppDelegate.h */ = {isa = PBXFileReference; lastKnownFileType = sourcecode.c.h; path = AppDelegate.h; sourceTree = "<group>"; };
		F46F49C216870EF7009BD174 /* AppDelegate.m */ = {isa = PBXFileReference; lastKnownFileType = sourcecode.c.objc; path = AppDelegate.m; sourceTree = "<group>"; };
		F46F49C416870EF7009BD174 /* Default.png */ = {isa = PBXFileReference; lastKnownFileType = image.png; path = Default.png; sourceTree = "<group>"; };
		F46F49C616870EF7009BD174 /* Default@2x.png */ = {isa = PBXFileReference; lastKnownFileType = image.png; path = "Default@2x.png"; sourceTree = "<group>"; };
		F46F49C816870EF7009BD174 /* Default-568h@2x.png */ = {isa = PBXFileReference; lastKnownFileType = image.png; path = "Default-568h@2x.png"; sourceTree = "<group>"; };
		F46F49CB16870EF7009BD174 /* en */ = {isa = PBXFileReference; lastKnownFileType = file.storyboard; name = en; path = en.lproj/MainStoryboard.storyboard; sourceTree = "<group>"; };
		F46F49CD16870EF7009BD174 /* ViewController.h */ = {isa = PBXFileReference; lastKnownFileType = sourcecode.c.h; path = ViewController.h; sourceTree = "<group>"; };
		F46F49CE16870EF7009BD174 /* ViewController.m */ = {isa = PBXFileReference; lastKnownFileType = sourcecode.c.objc; path = ViewController.m; sourceTree = "<group>"; };
/* End PBXFileReference section */

/* Begin PBXFrameworksBuildPhase section */
		F46F49AB16870EF7009BD174 /* Frameworks */ = {
			isa = PBXFrameworksBuildPhase;
			buildActionMask = 2147483647;
			files = (
				F46F49B316870EF7009BD174 /* UIKit.framework in Frameworks */,
				F46F49B516870EF7009BD174 /* Foundation.framework in Frameworks */,
				F46F49B716870EF7009BD174 /* CoreGraphics.framework in Frameworks */,
				498B4B8699AC4CB19ED8B54C /* libPods.a in Frameworks */,
			);
			runOnlyForDeploymentPostprocessing = 0;
		};
/* End PBXFrameworksBuildPhase section */

/* Begin PBXGroup section */
		F46F49A316870EF7009BD174 = {
			isa = PBXGroup;
			children = (
				F46F49B816870EF7009BD174 /* SRMonthPickerExample */,
				F46F49B116870EF7009BD174 /* Frameworks */,
				F46F49AF16870EF7009BD174 /* Products */,
				E8701BEF0C384AB1B967ADEE /* Pods.xcconfig */,
			);
			sourceTree = "<group>";
		};
		F46F49AF16870EF7009BD174 /* Products */ = {
			isa = PBXGroup;
			children = (
				F46F49AE16870EF7009BD174 /* SRMonthPickerExample.app */,
			);
			name = Products;
			sourceTree = "<group>";
		};
		F46F49B116870EF7009BD174 /* Frameworks */ = {
			isa = PBXGroup;
			children = (
				F46F49B216870EF7009BD174 /* UIKit.framework */,
				F46F49B416870EF7009BD174 /* Foundation.framework */,
				F46F49B616870EF7009BD174 /* CoreGraphics.framework */,
				EA69295159CB4779A830A763 /* libPods.a */,
			);
			name = Frameworks;
			sourceTree = "<group>";
		};
		F46F49B816870EF7009BD174 /* SRMonthPickerExample */ = {
			isa = PBXGroup;
			children = (
				F46F49C116870EF7009BD174 /* AppDelegate.h */,
				F46F49C216870EF7009BD174 /* AppDelegate.m */,
				F46F49CA16870EF7009BD174 /* MainStoryboard.storyboard */,
				F46F49CD16870EF7009BD174 /* ViewController.h */,
				F46F49CE16870EF7009BD174 /* ViewController.m */,
				F46F49B916870EF7009BD174 /* Supporting Files */,
			);
			path = SRMonthPickerExample;
			sourceTree = "<group>";
		};
		F46F49B916870EF7009BD174 /* Supporting Files */ = {
			isa = PBXGroup;
			children = (
				F46F49BA16870EF7009BD174 /* SRMonthPickerExample-Info.plist */,
				F46F49BB16870EF7009BD174 /* InfoPlist.strings */,
				F46F49BE16870EF7009BD174 /* main.m */,
				F46F49C016870EF7009BD174 /* SRMonthPickerExample-Prefix.pch */,
				F46F49C416870EF7009BD174 /* Default.png */,
				F46F49C616870EF7009BD174 /* Default@2x.png */,
				F46F49C816870EF7009BD174 /* Default-568h@2x.png */,
			);
			name = "Supporting Files";
			sourceTree = "<group>";
		};
/* End PBXGroup section */

/* Begin PBXNativeTarget section */
		F46F49AD16870EF7009BD174 /* SRMonthPickerExample */ = {
			isa = PBXNativeTarget;
			buildConfigurationList = F46F49D216870EF7009BD174 /* Build configuration list for PBXNativeTarget "SRMonthPickerExample" */;
			buildPhases = (
				F46F49AA16870EF7009BD174 /* Sources */,
				F46F49AB16870EF7009BD174 /* Frameworks */,
				F46F49AC16870EF7009BD174 /* Resources */,
				37B7686B74CD4CFFBD9D4B98 /* Copy Pods Resources */,
			);
			buildRules = (
			);
			dependencies = (
			);
			name = SRMonthPickerExample;
			productName = SRMonthPickerExample;
			productReference = F46F49AE16870EF7009BD174 /* SRMonthPickerExample.app */;
			productType = "com.apple.product-type.application";
		};
/* End PBXNativeTarget section */

/* Begin PBXProject section */
		F46F49A516870EF7009BD174 /* Project object */ = {
			isa = PBXProject;
			attributes = {
				LastUpgradeCheck = 0450;
				ORGANIZATIONNAME = "Simon Rice";
			};
			buildConfigurationList = F46F49A816870EF7009BD174 /* Build configuration list for PBXProject "SRMonthPickerExample" */;
			compatibilityVersion = "Xcode 3.2";
			developmentRegion = English;
			hasScannedForEncodings = 0;
			knownRegions = (
				en,
			);
			mainGroup = F46F49A316870EF7009BD174;
			productRefGroup = F46F49AF16870EF7009BD174 /* Products */;
			projectDirPath = "";
			projectRoot = "";
			targets = (
				F46F49AD16870EF7009BD174 /* SRMonthPickerExample */,
			);
		};
/* End PBXProject section */

/* Begin PBXResourcesBuildPhase section */
		F46F49AC16870EF7009BD174 /* Resources */ = {
			isa = PBXResourcesBuildPhase;
			buildActionMask = 2147483647;
			files = (
				F46F49BD16870EF7009BD174 /* InfoPlist.strings in Resources */,
				F46F49C516870EF7009BD174 /* Default.png in Resources */,
				F46F49C716870EF7009BD174 /* Default@2x.png in Resources */,
				F46F49C916870EF7009BD174 /* Default-568h@2x.png in Resources */,
				F46F49CC16870EF7009BD174 /* MainStoryboard.storyboard in Resources */,
			);
			runOnlyForDeploymentPostprocessing = 0;
		};
/* End PBXResourcesBuildPhase section */

/* Begin PBXShellScriptBuildPhase section */
		37B7686B74CD4CFFBD9D4B98 /* Copy Pods Resources */ = {
			isa = PBXShellScriptBuildPhase;
			buildActionMask = 2147483647;
			files = (
			);
			inputPaths = (
			);
			name = "Copy Pods Resources";
			outputPaths = (
			);
			runOnlyForDeploymentPostprocessing = 0;
			shellPath = /bin/sh;
			shellScript = "\"${SRCROOT}/Pods/Pods-resources.sh\"\n";
		};
/* End PBXShellScriptBuildPhase section */

/* Begin PBXSourcesBuildPhase section */
		F46F49AA16870EF7009BD174 /* Sources */ = {
			isa = PBXSourcesBuildPhase;
			buildActionMask = 2147483647;
			files = (
				F46F49BF16870EF7009BD174 /* main.m in Sources */,
				F46F49C316870EF7009BD174 /* AppDelegate.m in Sources */,
				F46F49CF16870EF7009BD174 /* ViewController.m in Sources */,
			);
			runOnlyForDeploymentPostprocessing = 0;
		};
/* End PBXSourcesBuildPhase section */

/* Begin PBXVariantGroup section */
		F46F49BB16870EF7009BD174 /* InfoPlist.strings */ = {
			isa = PBXVariantGroup;
			children = (
				F46F49BC16870EF7009BD174 /* en */,
			);
			name = InfoPlist.strings;
			sourceTree = "<group>";
		};
		F46F49CA16870EF7009BD174 /* MainStoryboard.storyboard */ = {
			isa = PBXVariantGroup;
			children = (
				F46F49CB16870EF7009BD174 /* en */,
			);
			name = MainStoryboard.storyboard;
			sourceTree = "<group>";
		};
/* End PBXVariantGroup section */

/* Begin XCBuildConfiguration section */
		F46F49D016870EF7009BD174 /* Debug */ = {
			isa = XCBuildConfiguration;
			buildSettings = {
				ALWAYS_SEARCH_USER_PATHS = NO;
				CLANG_CXX_LANGUAGE_STANDARD = "gnu++0x";
				CLANG_CXX_LIBRARY = "libc++";
				CLANG_ENABLE_OBJC_ARC = YES;
				CLANG_WARN_EMPTY_BODY = YES;
				CLANG_WARN__DUPLICATE_METHOD_MATCH = YES;
				"CODE_SIGN_IDENTITY[sdk=iphoneos*]" = "iPhone Developer";
				COPY_PHASE_STRIP = NO;
				GCC_C_LANGUAGE_STANDARD = gnu99;
				GCC_DYNAMIC_NO_PIC = NO;
				GCC_OPTIMIZATION_LEVEL = 0;
				GCC_PREPROCESSOR_DEFINITIONS = (
					"DEBUG=1",
					"$(inherited)",
				);
				GCC_SYMBOLS_PRIVATE_EXTERN = NO;
				GCC_WARN_ABOUT_RETURN_TYPE = YES;
				GCC_WARN_UNINITIALIZED_AUTOS = YES;
				GCC_WARN_UNUSED_VARIABLE = YES;
				IPHONEOS_DEPLOYMENT_TARGET = 6.0;
				ONLY_ACTIVE_ARCH = YES;
				SDKROOT = iphoneos;
			};
			name = Debug;
		};
		F46F49D116870EF7009BD174 /* Release */ = {
			isa = XCBuildConfiguration;
			buildSettings = {
				ALWAYS_SEARCH_USER_PATHS = NO;
				CLANG_CXX_LANGUAGE_STANDARD = "gnu++0x";
				CLANG_CXX_LIBRARY = "libc++";
				CLANG_ENABLE_OBJC_ARC = YES;
				CLANG_WARN_EMPTY_BODY = YES;
				CLANG_WARN__DUPLICATE_METHOD_MATCH = YES;
				"CODE_SIGN_IDENTITY[sdk=iphoneos*]" = "iPhone Developer";
				COPY_PHASE_STRIP = YES;
				GCC_C_LANGUAGE_STANDARD = gnu99;
				GCC_WARN_ABOUT_RETURN_TYPE = YES;
				GCC_WARN_UNINITIALIZED_AUTOS = YES;
				GCC_WARN_UNUSED_VARIABLE = YES;
				IPHONEOS_DEPLOYMENT_TARGET = 6.0;
				OTHER_CFLAGS = "-DNS_BLOCK_ASSERTIONS=1";
				SDKROOT = iphoneos;
				VALIDATE_PRODUCT = YES;
			};
			name = Release;
		};
		F46F49D316870EF7009BD174 /* Debug */ = {
			isa = XCBuildConfiguration;
			baseConfigurationReference = E8701BEF0C384AB1B967ADEE /* Pods.xcconfig */;
			buildSettings = {
				GCC_PRECOMPILE_PREFIX_HEADER = YES;
				GCC_PREFIX_HEADER = "SRMonthPickerExample/SRMonthPickerExample-Prefix.pch";
				INFOPLIST_FILE = "SRMonthPickerExample/SRMonthPickerExample-Info.plist";
				IPHONEOS_DEPLOYMENT_TARGET = 5.0;
				PRODUCT_NAME = "$(TARGET_NAME)";
				WRAPPER_EXTENSION = app;
			};
			name = Debug;
		};
		F46F49D416870EF7009BD174 /* Release */ = {
			isa = XCBuildConfiguration;
			baseConfigurationReference = E8701BEF0C384AB1B967ADEE /* Pods.xcconfig */;
			buildSettings = {
				GCC_PRECOMPILE_PREFIX_HEADER = YES;
				GCC_PREFIX_HEADER = "SRMonthPickerExample/SRMonthPickerExample-Prefix.pch";
				INFOPLIST_FILE = "SRMonthPickerExample/SRMonthPickerExample-Info.plist";
				IPHONEOS_DEPLOYMENT_TARGET = 5.0;
				PRODUCT_NAME = "$(TARGET_NAME)";
				WRAPPER_EXTENSION = app;
			};
			name = Release;
		};
/* End XCBuildConfiguration section */

/* Begin XCConfigurationList section */
		F46F49A816870EF7009BD174 /* Build configuration list for PBXProject "SRMonthPickerExample" */ = {
			isa = XCConfigurationList;
			buildConfigurations = (
				F46F49D016870EF7009BD174 /* Debug */,
				F46F49D116870EF7009BD174 /* Release */,
			);
			defaultConfigurationIsVisible = 0;
			defaultConfigurationName = Release;
		};
		F46F49D216870EF7009BD174 /* Build configuration list for PBXNativeTarget "SRMonthPickerExample" */ = {
			isa = XCConfigurationList;
			buildConfigurations = (
				F46F49D316870EF7009BD174 /* Debug */,
				F46F49D416870EF7009BD174 /* Release */,
			);
			defaultConfigurationIsVisible = 0;
			defaultConfigurationName = Release;
		};
/* End XCConfigurationList section */
	};
	rootObject = F46F49A516870EF7009BD174 /* Project object */;
}
